{"id": "SV_42ziiSrsZzOdBul", "name": "Instructions Quiz", "ownerId": "UR_789p4qOsBfCeHqZ", "organizationId": "harvard", "isActive": true, "creationDate": "2017-03-11T22:22:01Z", "lastModifiedDate": "2017-03-18T21:52:12Z", "expiration": {"startDate": null, "endDate": null}, "questions": {"QID5": {"questionType": {"type": "Meta", "selector": "Browser", "subSelector": null}, "questionText": "Browser Meta Info", "questionLabel": null, "validation": {"doesForceResponse": false}, "choices": {"1": {"description": "Browser", "choiceText": "Browser", "variableName": null}, "2": {"description": "Version", "choiceText": "Version", "variableName": null}, "3": {"description": "Operating System", "choiceText": "Operating System", "variableName": null}, "4": {"description": "Screen Resolution", "choiceText": "Screen Resolution", "variableName": null}, "5": {"description": "Flash Version", "choiceText": "Flash Version", "variableName": null}, "6": {"description": "Java Support", "choiceText": "Java Support", "variableName": null}, "7": {"description": "User Agent", "choiceText": "User Agent", "variableName": null}}}, "QID4": {"questionType": {"type": "Timing", "selector": "PageTimer", "subSelector": null}, "questionText": "Timing", "questionLabel": null, "validation": {"doesForceResponse": false}, "choices": {"1": {"recode": "1", "description": "First Click", "choiceText": "First Click", "variableName": null}, "2": {"recode": "2", "description": "Last Click", "choiceText": "Last Click", "variableName": null}, "3": {"recode": "3", "description": "Page Submit", "choiceText": "Page Submit", "variableName": null}, "4": {"recode": "4", "description": "Click Count", "choiceText": "Click Count", "variableName": null}}}, "QID1": {"questionType": {"type": "MC", "selector": "SAVR", "subSelector": "TX"}, "questionText": "What&rsquo;s something you should make sure to do in the <strong>first</strong> step?", "questionLabel": null, "validation": {"doesForceResponse": false, "type": "CustomValidation"}, "choices": {"1": {"recode": "1", "description": "Pay careful attention to spelling, grammar, and structure.", "choiceText": "Pay careful attention to spelling, grammar, and structure.", "variableName": null}, "2": {"recode": "2", "description": "Make sure you organize the details in a coherent order.", "choiceText": "Make sure you organize the details in a coherent order.", "variableName": null}, "3": {"recode": "3", "description": "Ensure that everything you write accurately depicts your experience.", "choiceText": "Ensure that everything you write accurately depicts your experience.", "variableName": null}, "4": {"recode": "4", "description": "None of the above; these are only important in the <strong>second</strong> step.", "choiceText": "None of the above; these are only important in the <strong>second</strong> step.", "variableName": null}}}, "QID2": {"questionType": {"type": "MC", "selector": "SAVR", "subSelector": "TX"}, "questionText": "Which of the following would be the best, according to the instructions?", "questionLabel": null, "validation": {"doesForceResponse": false, "type": "CustomValidation"}, "choices": {"1": {"recode": "1", "description": "The author\u2019s general impressions, likes, and dislikes over several visits", "choiceText": "The author\u2019s general impressions, likes, and dislikes over several visits", "variableName": null}, "2": {"recode": "2", "description": "Recommendations and tips about how to make the most of a visit", "choiceText": "Recommendations and tips about how to make the most of a visit", "variableName": null}, "3": {"recode": "3", "description": "Detailed descriptions of various aspects of the experience", "choiceText": "Detailed descriptions of various aspects of the experience", "variableName": null}, "4": {"recode": "4", "description": "Comparisons of the establishment with other similar establishments", "choiceText": "Comparisons of the establishment with other similar establishments", "variableName": null}}, "randomization": {"type": "all"}}}, "exportColumnMap": {"Q5_1_TEXT": {"question": "QID5", "choice": "QID5.choices.1"}, "Q5_2_TEXT": {"question": "QID5", "choice": "QID5.choices.2"}, "Q5_3_TEXT": {"question": "QID5", "choice": "QID5.choices.3"}, "Q5_4_TEXT": {"question": "QID5", "choice": "QID5.choices.4"}, "Q5_5_TEXT": {"question": "QID5", "choice": "QID5.choices.5"}, "Q5_6_TEXT": {"question": "QID5", "choice": "QID5.choices.6"}, "Q5_7_TEXT": {"question": "QID5", "choice": "QID5.choices.7"}, "Q4_1": {"question": "QID4", "choice": "QID4.choices.1"}, "Q4_2": {"question": "QID4", "choice": "QID4.choices.2"}, "Q4_3": {"question": "QID4", "choice": "QID4.choices.3"}, "Q4_4": {"question": "QID4", "choice": "QID4.choices.4"}, "Q1": {"question": "QID1"}, "Q2": {"question": "QID2"}}, "blocks": {"BL_6VetZzp41rwvhCB": {"description": "Default Question Block", "elements": [{"type": "Question", "questionId": "QID5"}, {"type": "Question", "questionId": "QID4"}, {"type": "Question", "questionId": "QID1"}, {"type": "Question", "questionId": "QID2"}]}}, "flow": [{"id": "BL_6VetZzp41rwvhCB", "type": "Block"}, {"type": "EmbeddedData"}], "embeddedData": [{"name": "Q_URL"}, {"name": "nextURL"}, {"name": "clientId"}, {"name": "Q_TotalDuration"}, {"name": "prewrite"}], "comments": {}, "responseCounts": {"auditable": 17, "generated": 1, "deleted": 0}}